
Microsoft Visual Studio Solution File, Format Version 12.00
# Visual Studio Version 17
VisualStudioVersion = 17.0.31903.59
MinimumVisualStudioVersion = 10.0.40219.1
Project("{2150E333-8FDC-42A3-9474-1A3956D46DE8}") = "src", "src", "{C484FE44-26C4-465A-8ADD-1BC7FEAAFDB6}"
EndProject
Project("{FAE04EC0-301F-11D3-BF4B-00C04F79EFBC}") = "MedAgenda.Domain", "MedAgenda\src\MedAgenda.Domain\MedAgenda.Domain.csproj", "{7A734063-F19E-4A6B-A107-3FB6607E08E1}"
EndProject
Project("{FAE04EC0-301F-11D3-BF4B-00C04F79EFBC}") = "MedAgenda.Application", "MedAgenda\src\MedAgenda.Application\MedAgenda.Application.csproj", "{4DDBBFA6-FF0E-4C40-B49E-B09BEB763C0D}"
EndProject
Project("{FAE04EC0-301F-11D3-BF4B-00C04F79EFBC}") = "MedAgenda.Infrastructure", "MedAgenda\src\MedAgenda.Infrastructure\MedAgenda.Infrastructure.csproj", "{C96EC64F-6812-4808-8ED9-4ACB47789348}"
EndProject
Project("{FAE04EC0-301F-11D3-BF4B-00C04F79EFBC}") = "MedAgenda.API", "MedAgenda\src\MedAgenda.API\MedAgenda.API.csproj", "{499CF58B-0F50-4CDD-AA23-8051004E851D}"
EndProject
Global
	GlobalSection(SolutionConfigurationPlatforms) = preSolution
		Debug|Any CPU = Debug|Any CPU
		Release|Any CPU = Release|Any CPU
	EndGlobalSection
	GlobalSection(ProjectConfigurationPlatforms) = postSolution
		{7A734063-F19E-4A6B-A107-3FB6607E08E1}.Debug|Any CPU.ActiveCfg = Debug|Any CPU
		{7A734063-F19E-4A6B-A107-3FB6607E08E1}.Debug|Any CPU.Build.0 = Debug|Any CPU
		{7A734063-F19E-4A6B-A107-3FB6607E08E1}.Release|Any CPU.ActiveCfg = Release|Any CPU
		{7A734063-F19E-4A6B-A107-3FB6607E08E1}.Release|Any CPU.Build.0 = Release|Any CPU
		{4DDBBFA6-FF0E-4C40-B49E-B09BEB763C0D}.Debug|Any CPU.ActiveCfg = Debug|Any CPU
		{4DDBBFA6-FF0E-4C40-B49E-B09BEB763C0D}.Debug|Any CPU.Build.0 = Debug|Any CPU
		{4DDBBFA6-FF0E-4C40-B49E-B09BEB763C0D}.Release|Any CPU.ActiveCfg = Release|Any CPU
		{4DDBBFA6-FF0E-4C40-B49E-B09BEB763C0D}.Release|Any CPU.Build.0 = Release|Any CPU
		{C96EC64F-6812-4808-8ED9-4ACB47789348}.Debug|Any CPU.ActiveCfg = Debug|Any CPU
		{C96EC64F-6812-4808-8ED9-4ACB47789348}.Debug|Any CPU.Build.0 = Debug|Any CPU
		{C96EC64F-6812-4808-8ED9-4ACB47789348}.Release|Any CPU.ActiveCfg = Release|Any CPU
		{C96EC64F-6812-4808-8ED9-4ACB47789348}.Release|Any CPU.Build.0 = Release|Any CPU
		{499CF58B-0F50-4CDD-AA23-8051004E851D}.Debug|Any CPU.ActiveCfg = Debug|Any CPU
		{499CF58B-0F50-4CDD-AA23-8051004E851D}.Debug|Any CPU.Build.0 = Debug|Any CPU
		{499CF58B-0F50-4CDD-AA23-8051004E851D}.Release|Any CPU.ActiveCfg = Release|Any CPU
		{499CF58B-0F50-4CDD-AA23-8051004E851D}.Release|Any CPU.Build.0 = Release|Any CPU
	EndGlobalSection
	GlobalSection(SolutionProperties) = preSolution
		HideSolutionNode = FALSE
	EndGlobalSection
	GlobalSection(NestedProjects) = preSolution
		{7A734063-F19E-4A6B-A107-3FB6607E08E1} = {C484FE44-26C4-465A-8ADD-1BC7FEAAFDB6}
		{4DDBBFA6-FF0E-4C40-B49E-B09BEB763C0D} = {C484FE44-26C4-465A-8ADD-1BC7FEAAFDB6}
		{C96EC64F-6812-4808-8ED9-4ACB47789348} = {C484FE44-26C4-465A-8ADD-1BC7FEAAFDB6}
		{499CF58B-0F50-4CDD-AA23-8051004E851D} = {C484FE44-26C4-465A-8ADD-1BC7FEAAFDB6}
	EndGlobalSection
	GlobalSection(ExtensibilityGlobals) = postSolution
		SolutionGuid = {19345765-FF94-4744-A0E4-38E2F80D1C5A}
	EndGlobalSection
EndGlobal
